
Microsoft Visual Studio Solution File, Format Version 12.00
# Visual Studio Version 17
VisualStudioVersion = 17.0.31903.59
MinimumVisualStudioVersion = 10.0.40219.1
Project("{2150E333-8FDC-42A3-9474-1A3956D46DE8}") = "src", "src", "{827E0CD3-B72D-47B6-A68D-7590B98EB39B}"
EndProject
Project("{FAE04EC0-301F-11D3-BF4B-00C04F79EFBC}") = "Api", "src\Api\Api.csproj", "{79DD500F-DC92-433F-B772-13D1DC60DD6F}"
EndProject
Project("{FAE04EC0-301F-11D3-BF4B-00C04F79EFBC}") = "Core", "src\Core\Core.csproj", "{67FC20F9-5CD4-44EF-B242-E35A2C8FC04F}"
EndProject
Project("{FAE04EC0-301F-11D3-BF4B-00C04F79EFBC}") = "Infra", "src\Infra\Infra.csproj", "{9DF65E74-2091-4D60-9A93-828AE66F0CE1}"
EndProject
Project("{FAE04EC0-301F-11D3-BF4B-00C04F79EFBC}") = "InfraTests", "src\InfraTests\InfraTests.csproj", "{98CFEFCB-101B-4811-9AD1-834D19009EEC}"
EndProject
Global
	GlobalSection(SolutionConfigurationPlatforms) = preSolution
		Debug|Any CPU = Debug|Any CPU
		Debug|x64 = Debug|x64
		Debug|x86 = Debug|x86
		Release|Any CPU = Release|Any CPU
		Release|x64 = Release|x64
		Release|x86 = Release|x86
	EndGlobalSection
	GlobalSection(ProjectConfigurationPlatforms) = postSolution
		{79DD500F-DC92-433F-B772-13D1DC60DD6F}.Debug|Any CPU.ActiveCfg = Debug|Any CPU
		{79DD500F-DC92-433F-B772-13D1DC60DD6F}.Debug|Any CPU.Build.0 = Debug|Any CPU
		{79DD500F-DC92-433F-B772-13D1DC60DD6F}.Debug|x64.ActiveCfg = Debug|Any CPU
		{79DD500F-DC92-433F-B772-13D1DC60DD6F}.Debug|x64.Build.0 = Debug|Any CPU
		{79DD500F-DC92-433F-B772-13D1DC60DD6F}.Debug|x86.ActiveCfg = Debug|Any CPU
		{79DD500F-DC92-433F-B772-13D1DC60DD6F}.Debug|x86.Build.0 = Debug|Any CPU
		{79DD500F-DC92-433F-B772-13D1DC60DD6F}.Release|Any CPU.ActiveCfg = Release|Any CPU
		{79DD500F-DC92-433F-B772-13D1DC60DD6F}.Release|Any CPU.Build.0 = Release|Any CPU
		{79DD500F-DC92-433F-B772-13D1DC60DD6F}.Release|x64.ActiveCfg = Release|Any CPU
		{79DD500F-DC92-433F-B772-13D1DC60DD6F}.Release|x64.Build.0 = Release|Any CPU
		{79DD500F-DC92-433F-B772-13D1DC60DD6F}.Release|x86.ActiveCfg = Release|Any CPU
		{79DD500F-DC92-433F-B772-13D1DC60DD6F}.Release|x86.Build.0 = Release|Any CPU
		{67FC20F9-5CD4-44EF-B242-E35A2C8FC04F}.Debug|Any CPU.ActiveCfg = Debug|Any CPU
		{67FC20F9-5CD4-44EF-B242-E35A2C8FC04F}.Debug|Any CPU.Build.0 = Debug|Any CPU
		{67FC20F9-5CD4-44EF-B242-E35A2C8FC04F}.Debug|x64.ActiveCfg = Debug|Any CPU
		{67FC20F9-5CD4-44EF-B242-E35A2C8FC04F}.Debug|x64.Build.0 = Debug|Any CPU
		{67FC20F9-5CD4-44EF-B242-E35A2C8FC04F}.Debug|x86.ActiveCfg = Debug|Any CPU
		{67FC20F9-5CD4-44EF-B242-E35A2C8FC04F}.Debug|x86.Build.0 = Debug|Any CPU
		{67FC20F9-5CD4-44EF-B242-E35A2C8FC04F}.Release|Any CPU.ActiveCfg = Release|Any CPU
		{67FC20F9-5CD4-44EF-B242-E35A2C8FC04F}.Release|Any CPU.Build.0 = Release|Any CPU
		{67FC20F9-5CD4-44EF-B242-E35A2C8FC04F}.Release|x64.ActiveCfg = Release|Any CPU
		{67FC20F9-5CD4-44EF-B242-E35A2C8FC04F}.Release|x64.Build.0 = Release|Any CPU
		{67FC20F9-5CD4-44EF-B242-E35A2C8FC04F}.Release|x86.ActiveCfg = Release|Any CPU
		{67FC20F9-5CD4-44EF-B242-E35A2C8FC04F}.Release|x86.Build.0 = Release|Any CPU
		{9DF65E74-2091-4D60-9A93-828AE66F0CE1}.Debug|Any CPU.ActiveCfg = Debug|Any CPU
		{9DF65E74-2091-4D60-9A93-828AE66F0CE1}.Debug|Any CPU.Build.0 = Debug|Any CPU
		{9DF65E74-2091-4D60-9A93-828AE66F0CE1}.Debug|x64.ActiveCfg = Debug|Any CPU
		{9DF65E74-2091-4D60-9A93-828AE66F0CE1}.Debug|x64.Build.0 = Debug|Any CPU
		{9DF65E74-2091-4D60-9A93-828AE66F0CE1}.Debug|x86.ActiveCfg = Debug|Any CPU
		{9DF65E74-2091-4D60-9A93-828AE66F0CE1}.Debug|x86.Build.0 = Debug|Any CPU
		{9DF65E74-2091-4D60-9A93-828AE66F0CE1}.Release|Any CPU.ActiveCfg = Release|Any CPU
		{9DF65E74-2091-4D60-9A93-828AE66F0CE1}.Release|Any CPU.Build.0 = Release|Any CPU
		{9DF65E74-2091-4D60-9A93-828AE66F0CE1}.Release|x64.ActiveCfg = Release|Any CPU
		{9DF65E74-2091-4D60-9A93-828AE66F0CE1}.Release|x64.Build.0 = Release|Any CPU
		{9DF65E74-2091-4D60-9A93-828AE66F0CE1}.Release|x86.ActiveCfg = Release|Any CPU
		{9DF65E74-2091-4D60-9A93-828AE66F0CE1}.Release|x86.Build.0 = Release|Any CPU
		{98CFEFCB-101B-4811-9AD1-834D19009EEC}.Debug|Any CPU.ActiveCfg = Debug|Any CPU
		{98CFEFCB-101B-4811-9AD1-834D19009EEC}.Debug|Any CPU.Build.0 = Debug|Any CPU
		{98CFEFCB-101B-4811-9AD1-834D19009EEC}.Debug|x64.ActiveCfg = Debug|Any CPU
		{98CFEFCB-101B-4811-9AD1-834D19009EEC}.Debug|x64.Build.0 = Debug|Any CPU
		{98CFEFCB-101B-4811-9AD1-834D19009EEC}.Debug|x86.ActiveCfg = Debug|Any CPU
		{98CFEFCB-101B-4811-9AD1-834D19009EEC}.Debug|x86.Build.0 = Debug|Any CPU
		{98CFEFCB-101B-4811-9AD1-834D19009EEC}.Release|Any CPU.ActiveCfg = Release|Any CPU
		{98CFEFCB-101B-4811-9AD1-834D19009EEC}.Release|Any CPU.Build.0 = Release|Any CPU
		{98CFEFCB-101B-4811-9AD1-834D19009EEC}.Release|x64.ActiveCfg = Release|Any CPU
		{98CFEFCB-101B-4811-9AD1-834D19009EEC}.Release|x64.Build.0 = Release|Any CPU
		{98CFEFCB-101B-4811-9AD1-834D19009EEC}.Release|x86.ActiveCfg = Release|Any CPU
		{98CFEFCB-101B-4811-9AD1-834D19009EEC}.Release|x86.Build.0 = Release|Any CPU
	EndGlobalSection
	GlobalSection(SolutionProperties) = preSolution
		HideSolutionNode = FALSE
	EndGlobalSection
	GlobalSection(NestedProjects) = preSolution
		{79DD500F-DC92-433F-B772-13D1DC60DD6F} = {827E0CD3-B72D-47B6-A68D-7590B98EB39B}
		{67FC20F9-5CD4-44EF-B242-E35A2C8FC04F} = {827E0CD3-B72D-47B6-A68D-7590B98EB39B}
		{9DF65E74-2091-4D60-9A93-828AE66F0CE1} = {827E0CD3-B72D-47B6-A68D-7590B98EB39B}
		{98CFEFCB-101B-4811-9AD1-834D19009EEC} = {827E0CD3-B72D-47B6-A68D-7590B98EB39B}
	EndGlobalSection
EndGlobal
